// !$*UTF8*$!
{
	archiveVersion = 1;
	classes = {
	};
	objectVersion = 50;
	objects = {

/* Begin PBXBuildFile section */
		16678B612279CE4F00CE7E25 /* Buffer.framework in Frameworks */ = {isa = PBXBuildFile; fileRef = 16F1910E2279CE32001E6064 /* Buffer.framework */; };
		16678B622279CE4F00CE7E25 /* Buffer.framework in Embed Frameworks */ = {isa = PBXBuildFile; fileRef = 16F1910E2279CE32001E6064 /* Buffer.framework */; settings = {ATTRIBUTES = (CodeSignOnCopy, RemoveHeadersOnCopy, ); }; };
		167ED8842279CDFE00068883 /* AppDelegate.swift in Sources */ = {isa = PBXBuildFile; fileRef = 167ED8832279CDFE00068883 /* AppDelegate.swift */; };
		167ED8862279CDFE00068883 /* ViewController.swift in Sources */ = {isa = PBXBuildFile; fileRef = 167ED8852279CDFE00068883 /* ViewController.swift */; };
		167ED8892279CDFE00068883 /* Main.storyboard in Resources */ = {isa = PBXBuildFile; fileRef = 167ED8872279CDFE00068883 /* Main.storyboard */; };
		167ED88B2279CDFF00068883 /* Assets.xcassets in Resources */ = {isa = PBXBuildFile; fileRef = 167ED88A2279CDFF00068883 /* Assets.xcassets */; };
		167ED88E2279CDFF00068883 /* LaunchScreen.storyboard in Resources */ = {isa = PBXBuildFile; fileRef = 167ED88C2279CDFF00068883 /* LaunchScreen.storyboard */; };
		167ED8962279CE1900068883 /* Lorem.swift in Sources */ = {isa = PBXBuildFile; fileRef = 167ED8952279CE1900068883 /* Lorem.swift */; };
/* End PBXBuildFile section */

/* Begin PBXContainerItemProxy section */
		16678B632279CE4F00CE7E25 /* PBXContainerItemProxy */ = {
			isa = PBXContainerItemProxy;
			containerPortal = 16F191082279CE32001E6064 /* Buffer.xcodeproj */;
			proxyType = 1;
			remoteGlobalIDString = NT_461906688041;
			remoteInfo = Buffer_iOS;
		};
		16F1910D2279CE32001E6064 /* PBXContainerItemProxy */ = {
			isa = PBXContainerItemProxy;
			containerPortal = 16F191082279CE32001E6064 /* Buffer.xcodeproj */;
			proxyType = 2;
			remoteGlobalIDString = FR_461906688041;
			remoteInfo = Buffer_iOS;
		};
		16F1910F2279CE32001E6064 /* PBXContainerItemProxy */ = {
			isa = PBXContainerItemProxy;
			containerPortal = 16F191082279CE32001E6064 /* Buffer.xcodeproj */;
			proxyType = 2;
			remoteGlobalIDString = FR_629006773661;
			remoteInfo = Buffer_macOS;
		};
/* End PBXContainerItemProxy section */

/* Begin PBXCopyFilesBuildPhase section */
		16678B652279CE4F00CE7E25 /* Embed Frameworks */ = {
			isa = PBXCopyFilesBuildPhase;
			buildActionMask = 2147483647;
			dstPath = "";
			dstSubfolderSpec = 10;
			files = (
				16678B622279CE4F00CE7E25 /* Buffer.framework in Embed Frameworks */,
			);
			name = "Embed Frameworks";
			runOnlyForDeploymentPostprocessing = 0;
		};
/* End PBXCopyFilesBuildPhase section */

/* Begin PBXFileReference section */
		167ED8802279CDFE00068883 /* Demo.app */ = {isa = PBXFileReference; explicitFileType = wrapper.application; includeInIndex = 0; path = Demo.app; sourceTree = BUILT_PRODUCTS_DIR; };
		167ED8832279CDFE00068883 /* AppDelegate.swift */ = {isa = PBXFileReference; lastKnownFileType = sourcecode.swift; path = AppDelegate.swift; sourceTree = "<group>"; };
		167ED8852279CDFE00068883 /* ViewController.swift */ = {isa = PBXFileReference; lastKnownFileType = sourcecode.swift; path = ViewController.swift; sourceTree = "<group>"; };
		167ED8882279CDFE00068883 /* Base */ = {isa = PBXFileReference; lastKnownFileType = file.storyboard; name = Base; path = Base.lproj/Main.storyboard; sourceTree = "<group>"; };
		167ED88A2279CDFF00068883 /* Assets.xcassets */ = {isa = PBXFileReference; lastKnownFileType = folder.assetcatalog; path = Assets.xcassets; sourceTree = "<group>"; };
		167ED88D2279CDFF00068883 /* Base */ = {isa = PBXFileReference; lastKnownFileType = file.storyboard; name = Base; path = Base.lproj/LaunchScreen.storyboard; sourceTree = "<group>"; };
		167ED88F2279CDFF00068883 /* Info.plist */ = {isa = PBXFileReference; lastKnownFileType = text.plist.xml; path = Info.plist; sourceTree = "<group>"; };
		167ED8952279CE1900068883 /* Lorem.swift */ = {isa = PBXFileReference; fileEncoding = 4; lastKnownFileType = sourcecode.swift; path = Lorem.swift; sourceTree = "<group>"; };
		16F191082279CE32001E6064 /* Buffer.xcodeproj */ = {isa = PBXFileReference; lastKnownFileType = "wrapper.pb-project"; name = Buffer.xcodeproj; path = ../../Buffer.xcodeproj; sourceTree = "<group>"; };
/* End PBXFileReference section */

/* Begin PBXFrameworksBuildPhase section */
		167ED87D2279CDFE00068883 /* Frameworks */ = {
			isa = PBXFrameworksBuildPhase;
			buildActionMask = 2147483647;
			files = (
				16678B612279CE4F00CE7E25 /* Buffer.framework in Frameworks */,
			);
			runOnlyForDeploymentPostprocessing = 0;
		};
/* End PBXFrameworksBuildPhase section */

/* Begin PBXGroup section */
		16678B5D2279CE4A00CE7E25 /* Frameworks */ = {
			isa = PBXGroup;
			children = (
			);
			name = Frameworks;
			sourceTree = "<group>";
		};
		167ED8772279CDFE00068883 = {
			isa = PBXGroup;
			children = (
				16F191082279CE32001E6064 /* Buffer.xcodeproj */,
				167ED8822279CDFE00068883 /* Demo */,
				167ED8812279CDFE00068883 /* Products */,
				16678B5D2279CE4A00CE7E25 /* Frameworks */,
			);
			sourceTree = "<group>";
		};
		167ED8812279CDFE00068883 /* Products */ = {
			isa = PBXGroup;
			children = (
				167ED8802279CDFE00068883 /* Demo.app */,
			);
			name = Products;
			sourceTree = "<group>";
		};
		167ED8822279CDFE00068883 /* Demo */ = {
			isa = PBXGroup;
			children = (
				167ED8832279CDFE00068883 /* AppDelegate.swift */,
				167ED8852279CDFE00068883 /* ViewController.swift */,
				167ED8952279CE1900068883 /* Lorem.swift */,
				167ED8872279CDFE00068883 /* Main.storyboard */,
				167ED88A2279CDFF00068883 /* Assets.xcassets */,
				167ED88C2279CDFF00068883 /* LaunchScreen.storyboard */,
				167ED88F2279CDFF00068883 /* Info.plist */,
			);
			path = Demo;
			sourceTree = "<group>";
		};
		16F191092279CE32001E6064 /* Products */ = {
			isa = PBXGroup;
			children = (
				16F1910E2279CE32001E6064 /* Buffer.framework */,
				16F191102279CE32001E6064 /* Buffer.framework */,
			);
			name = Products;
			sourceTree = "<group>";
		};
/* End PBXGroup section */

/* Begin PBXNativeTarget section */
		167ED87F2279CDFE00068883 /* Demo */ = {
			isa = PBXNativeTarget;
			buildConfigurationList = 167ED8922279CDFF00068883 /* Build configuration list for PBXNativeTarget "Demo" */;
			buildPhases = (
				167ED87C2279CDFE00068883 /* Sources */,
				167ED87D2279CDFE00068883 /* Frameworks */,
				167ED87E2279CDFE00068883 /* Resources */,
				16678B652279CE4F00CE7E25 /* Embed Frameworks */,
			);
			buildRules = (
			);
			dependencies = (
				16678B642279CE4F00CE7E25 /* PBXTargetDependency */,
			);
			name = Demo;
			productName = Demo;
			productReference = 167ED8802279CDFE00068883 /* Demo.app */;
			productType = "com.apple.product-type.application";
		};
/* End PBXNativeTarget section */

/* Begin PBXProject section */
		167ED8782279CDFE00068883 /* Project object */ = {
			isa = PBXProject;
			attributes = {
				LastSwiftUpdateCheck = 1020;
				LastUpgradeCheck = 1020;
				ORGANIZATIONNAME = "Alex Usbergo";
				TargetAttributes = {
					167ED87F2279CDFE00068883 = {
						CreatedOnToolsVersion = 10.2.1;
					};
				};
			};
			buildConfigurationList = 167ED87B2279CDFE00068883 /* Build configuration list for PBXProject "Demo" */;
			compatibilityVersion = "Xcode 9.3";
			developmentRegion = en;
			hasScannedForEncodings = 0;
			knownRegions = (
				en,
				Base,
			);
			mainGroup = 167ED8772279CDFE00068883;
			productRefGroup = 167ED8812279CDFE00068883 /* Products */;
			projectDirPath = "";
			projectReferences = (
				{
					ProductGroup = 16F191092279CE32001E6064 /* Products */;
					ProjectRef = 16F191082279CE32001E6064 /* Buffer.xcodeproj */;
				},
			);
			projectRoot = "";
			targets = (
				167ED87F2279CDFE00068883 /* Demo */,
			);
		};
/* End PBXProject section */

/* Begin PBXReferenceProxy section */
		16F1910E2279CE32001E6064 /* Buffer.framework */ = {
			isa = PBXReferenceProxy;
			fileType = wrapper.framework;
			path = Buffer.framework;
			remoteRef = 16F1910D2279CE32001E6064 /* PBXContainerItemProxy */;
			sourceTree = BUILT_PRODUCTS_DIR;
		};
		16F191102279CE32001E6064 /* Buffer.framework */ = {
			isa = PBXReferenceProxy;
			fileType = wrapper.framework;
			path = Buffer.framework;
			remoteRef = 16F1910F2279CE32001E6064 /* PBXContainerItemProxy */;
			sourceTree = BUILT_PRODUCTS_DIR;
		};
/* End PBXReferenceProxy section */

/* Begin PBXResourcesBuildPhase section */
		167ED87E2279CDFE00068883 /* Resources */ = {
			isa = PBXResourcesBuildPhase;
			buildActionMask = 2147483647;
			files = (
				167ED88E2279CDFF00068883 /* LaunchScreen.storyboard in Resources */,
				167ED88B2279CDFF00068883 /* Assets.xcassets in Resources */,
				167ED8892279CDFE00068883 /* Main.storyboard in Resources */,
			);
			runOnlyForDeploymentPostprocessing = 0;
		};
/* End PBXResourcesBuildPhase section */

/* Begin PBXSourcesBuildPhase section */
		167ED87C2279CDFE00068883 /* Sources */ = {
			isa = PBXSourcesBuildPhase;
			buildActionMask = 2147483647;
			files = (
				167ED8862279CDFE00068883 /* ViewController.swift in Sources */,
				167ED8962279CE1900068883 /* Lorem.swift in Sources */,
				167ED8842279CDFE00068883 /* AppDelegate.swift in Sources */,
			);
			runOnlyForDeploymentPostprocessing = 0;
		};
/* End PBXSourcesBuildPhase section */

/* Begin PBXTargetDependency section */
		16678B642279CE4F00CE7E25 /* PBXTargetDependency */ = {
			isa = PBXTargetDependency;
			name = Buffer_iOS;
			targetProxy = 16678B632279CE4F00CE7E25 /* PBXContainerItemProxy */;
		};
/* End PBXTargetDependency section */

/* Begin PBXVariantGroup section */
		167ED8872279CDFE00068883 /* Main.storyboard */ = {
			isa = PBXVariantGroup;
			children = (
				167ED8882279CDFE00068883 /* Base */,
			);
			name = Main.storyboard;
			sourceTree = "<group>";
		};
		167ED88C2279CDFF00068883 /* LaunchScreen.storyboard */ = {
			isa = PBXVariantGroup;
			children = (
				167ED88D2279CDFF00068883 /* Base */,
			);
			name = LaunchScreen.storyboard;
			sourceTree = "<group>";
		};
/* End PBXVariantGroup section */

/* Begin XCBuildConfiguration section */
		167ED8902279CDFF00068883 /* Debug */ = {
			isa = XCBuildConfiguration;
			buildSettings = {
				ALWAYS_SEARCH_USER_PATHS = NO;
				CLANG_ANALYZER_NONNULL = YES;
				CLANG_ANALYZER_NUMBER_OBJECT_CONVERSION = YES_AGGRESSIVE;
				CLANG_CXX_LANGUAGE_STANDARD = "gnu++14";
				CLANG_CXX_LIBRARY = "libc++";
				CLANG_ENABLE_MODULES = YES;
				CLANG_ENABLE_OBJC_ARC = YES;
				CLANG_ENABLE_OBJC_WEAK = YES;
				CLANG_WARN_BLOCK_CAPTURE_AUTORELEASING = YES;
				CLANG_WARN_BOOL_CONVERSION = YES;
				CLANG_WARN_COMMA = YES;
				CLANG_WARN_CONSTANT_CONVERSION = YES;
				CLANG_WARN_DEPRECATED_OBJC_IMPLEMENTATIONS = YES;
				CLANG_WARN_DIRECT_OBJC_ISA_USAGE = YES_ERROR;
				CLANG_WARN_DOCUMENTATION_COMMENTS = YES;
				CLANG_WARN_EMPTY_BODY = YES;
				CLANG_WARN_ENUM_CONVERSION = YES;
				CLANG_WARN_INFINITE_RECURSION = YES;
				CLANG_WARN_INT_CONVERSION = YES;
				CLANG_WARN_NON_LITERAL_NULL_CONVERSION = YES;
				CLANG_WARN_OBJC_IMPLICIT_RETAIN_SELF = YES;
				CLANG_WARN_OBJC_LITERAL_CONVERSION = YES;
				CLANG_WARN_OBJC_ROOT_CLASS = YES_ERROR;
				CLANG_WARN_RANGE_LOOP_ANALYSIS = YES;
				CLANG_WARN_STRICT_PROTOTYPES = YES;
				CLANG_WARN_SUSPICIOUS_MOVE = YES;
				CLANG_WARN_UNGUARDED_AVAILABILITY = YES_AGGRESSIVE;
				CLANG_WARN_UNREACHABLE_CODE = YES;
				CLANG_WARN__DUPLICATE_METHOD_MATCH = YES;
				CODE_SIGN_IDENTITY = "iPhone Developer";
				COPY_PHASE_STRIP = NO;
				DEBUG_INFORMATION_FORMAT = dwarf;
				ENABLE_STRICT_OBJC_MSGSEND = YES;
				ENABLE_TESTABILITY = YES;
				GCC_C_LANGUAGE_STANDARD = gnu11;
				GCC_DYNAMIC_NO_PIC = NO;
				GCC_NO_COMMON_BLOCKS = YES;
				GCC_OPTIMIZATION_LEVEL = 0;
				GCC_PREPROCESSOR_DEFINITIONS = (
					"DEBUG=1",
					"$(inherited)",
				);
				GCC_WARN_64_TO_32_BIT_CONVERSION = YES;
				GCC_WARN_ABOUT_RETURN_TYPE = YES_ERROR;
				GCC_WARN_UNDECLARED_SELECTOR = YES;
				GCC_WARN_UNINITIALIZED_AUTOS = YES_AGGRESSIVE;
				GCC_WARN_UNUSED_FUNCTION = YES;
				GCC_WARN_UNUSED_VARIABLE = YES;
				IPHONEOS_DEPLOYMENT_TARGET = 12.2;
				MTL_ENABLE_DEBUG_INFO = INCLUDE_SOURCE;
				MTL_FAST_MATH = YES;
				ONLY_ACTIVE_ARCH = YES;
				SDKROOT = iphoneos;
				SWIFT_ACTIVE_COMPILATION_CONDITIONS = DEBUG;
				SWIFT_OPTIMIZATION_LEVEL = "-Onone";
			};
			name = Debug;
		};
		167ED8912279CDFF00068883 /* Release */ = {
			isa = XCBuildConfiguration;
			buildSettings = {
				ALWAYS_SEARCH_USER_PATHS = NO;
				CLANG_ANALYZER_NONNULL = YES;
				CLANG_ANALYZER_NUMBER_OBJECT_CONVERSION = YES_AGGRESSIVE;
				CLANG_CXX_LANGUAGE_STANDARD = "gnu++14";
				CLANG_CXX_LIBRARY = "libc++";
				CLANG_ENABLE_MODULES = YES;
				CLANG_ENABLE_OBJC_ARC = YES;
				CLANG_ENABLE_OBJC_WEAK = YES;
				CLANG_WARN_BLOCK_CAPTURE_AUTORELEASING = YES;
				CLANG_WARN_BOOL_CONVERSION = YES;
				CLANG_WARN_COMMA = YES;
				CLANG_WARN_CONSTANT_CONVERSION = YES;
				CLANG_WARN_DEPRECATED_OBJC_IMPLEMENTATIONS = YES;
				CLANG_WARN_DIRECT_OBJC_ISA_USAGE = YES_ERROR;
				CLANG_WARN_DOCUMENTATION_COMMENTS = YES;
				CLANG_WARN_EMPTY_BODY = YES;
				CLANG_WARN_ENUM_CONVERSION = YES;
				CLANG_WARN_INFINITE_RECURSION = YES;
				CLANG_WARN_INT_CONVERSION = YES;
				CLANG_WARN_NON_LITERAL_NULL_CONVERSION = YES;
				CLANG_WARN_OBJC_IMPLICIT_RETAIN_SELF = YES;
				CLANG_WARN_OBJC_LITERAL_CONVERSION = YES;
				CLANG_WARN_OBJC_ROOT_CLASS = YES_ERROR;
				CLANG_WARN_RANGE_LOOP_ANALYSIS = YES;
				CLANG_WARN_STRICT_PROTOTYPES = YES;
				CLANG_WARN_SUSPICIOUS_MOVE = YES;
				CLANG_WARN_UNGUARDED_AVAILABILITY = YES_AGGRESSIVE;
				CLANG_WARN_UNREACHABLE_CODE = YES;
				CLANG_WARN__DUPLICATE_METHOD_MATCH = YES;
				CODE_SIGN_IDENTITY = "iPhone Developer";
				COPY_PHASE_STRIP = NO;
				DEBUG_INFORMATION_FORMAT = "dwarf-with-dsym";
				ENABLE_NS_ASSERTIONS = NO;
				ENABLE_STRICT_OBJC_MSGSEND = YES;
				GCC_C_LANGUAGE_STANDARD = gnu11;
				GCC_NO_COMMON_BLOCKS = YES;
				GCC_WARN_64_TO_32_BIT_CONVERSION = YES;
				GCC_WARN_ABOUT_RETURN_TYPE = YES_ERROR;
				GCC_WARN_UNDECLARED_SELECTOR = YES;
				GCC_WARN_UNINITIALIZED_AUTOS = YES_AGGRESSIVE;
				GCC_WARN_UNUSED_FUNCTION = YES;
				GCC_WARN_UNUSED_VARIABLE = YES;
				IPHONEOS_DEPLOYMENT_TARGET = 12.2;
				MTL_ENABLE_DEBUG_INFO = NO;
				MTL_FAST_MATH = YES;
				SDKROOT = iphoneos;
				SWIFT_COMPILATION_MODE = wholemodule;
				SWIFT_OPTIMIZATION_LEVEL = "-O";
				VALIDATE_PRODUCT = YES;
			};
			name = Release;
		};
		167ED8932279CDFF00068883 /* Debug */ = {
			isa = XCBuildConfiguration;
			buildSettings = {
				ALWAYS_EMBED_SWIFT_STANDARD_LIBRARIES = YES;
				ASSETCATALOG_COMPILER_APPICON_NAME = AppIcon;
				CODE_SIGN_STYLE = Automatic;
				INFOPLIST_FILE = Demo/Info.plist;
				LD_RUNPATH_SEARCH_PATHS = (
					"$(inherited)",
					"@executable_path/Frameworks",
				);
				PRODUCT_BUNDLE_IDENTIFIER = io.alexdrone.BufferDemo.Demo;
				PRODUCT_NAME = "$(TARGET_NAME)";
				SWIFT_VERSION = 5.0;
				TARGETED_DEVICE_FAMILY = "1,2";
			};
			name = Debug;
		};
		167ED8942279CDFF00068883 /* Release */ = {
			isa = XCBuildConfiguration;
			buildSettings = {
				ALWAYS_EMBED_SWIFT_STANDARD_LIBRARIES = YES;
				ASSETCATALOG_COMPILER_APPICON_NAME = AppIcon;
				CODE_SIGN_STYLE = Automatic;
				INFOPLIST_FILE = Demo/Info.plist;
				LD_RUNPATH_SEARCH_PATHS = (
					"$(inherited)",
					"@executable_path/Frameworks",
				);
				PRODUCT_BUNDLE_IDENTIFIER = io.alexdrone.BufferDemo.Demo;
				PRODUCT_NAME = "$(TARGET_NAME)";
				SWIFT_VERSION = 5.0;
				TARGETED_DEVICE_FAMILY = "1,2";
			};
			name = Release;
		};
/* End XCBuildConfiguration section */

/* Begin XCConfigurationList section */
		167ED87B2279CDFE00068883 /* Build configuration list for PBXProject "Demo" */ = {
			isa = XCConfigurationList;
			buildConfigurations = (
				167ED8902279CDFF00068883 /* Debug */,
				167ED8912279CDFF00068883 /* Release */,
			);
			defaultConfigurationIsVisible = 0;
			defaultConfigurationName = Release;
		};
		167ED8922279CDFF00068883 /* Build configuration list for PBXNativeTarget "Demo" */ = {
			isa = XCConfigurationList;
			buildConfigurations = (
				167ED8932279CDFF00068883 /* Debug */,
				167ED8942279CDFF00068883 /* Release */,
			);
			defaultConfigurationIsVisible = 0;
			defaultConfigurationName = Release;
		};
/* End XCConfigurationList section */
	};
	rootObject = 167ED8782279CDFE00068883 /* Project object */;
}
